// !$*UTF8*$!
{
	archiveVersion = 1;
	classes = {
	};
	objectVersion = 46;
	objects = {

/* Begin PBXBuildFile section */
		CC39D07F1DA751720036F47E /* main.m in Sources */ = {isa = PBXBuildFile; fileRef = CC39D07E1DA751720036F47E /* main.m */; };
		CC39D0871DA751D40036F47E /* WXAutoDictionary.m in Sources */ = {isa = PBXBuildFile; fileRef = CC39D0861DA751D40036F47E /* WXAutoDictionary.m */; };
/* End PBXBuildFile section */

/* Begin PBXCopyFilesBuildPhase section */
		CC39D0791DA751720036F47E /* CopyFiles */ = {
			isa = PBXCopyFilesBuildPhase;
			buildActionMask = 2147483647;
			dstPath = /usr/share/man/man1/;
			dstSubfolderSpec = 0;
			files = (
			);
			runOnlyForDeploymentPostprocessing = 1;
		};
/* End PBXCopyFilesBuildPhase section */

/* Begin PBXFileReference section */
		CC39D07B1DA751720036F47E /* WXDynamicMethodResolution */ = {isa = PBXFileReference; explicitFileType = "compiled.mach-o.executable"; includeInIndex = 0; path = WXDynamicMethodResolution; sourceTree = BUILT_PRODUCTS_DIR; };
		CC39D07E1DA751720036F47E /* main.m */ = {isa = PBXFileReference; lastKnownFileType = sourcecode.c.objc; path = main.m; sourceTree = "<group>"; };
		CC39D0851DA751D40036F47E /* WXAutoDictionary.h */ = {isa = PBXFileReference; fileEncoding = 4; lastKnownFileType = sourcecode.c.h; path = WXAutoDictionary.h; sourceTree = "<group>"; };
		CC39D0861DA751D40036F47E /* WXAutoDictionary.m */ = {isa = PBXFileReference; fileEncoding = 4; lastKnownFileType = sourcecode.c.objc; path = WXAutoDictionary.m; sourceTree = "<group>"; };
/* End PBXFileReference section */

/* Begin PBXFrameworksBuildPhase section */
		CC39D0781DA751720036F47E /* Frameworks */ = {
			isa = PBXFrameworksBuildPhase;
			buildActionMask = 2147483647;
			files = (
			);
			runOnlyForDeploymentPostprocessing = 0;
		};
/* End PBXFrameworksBuildPhase section */

/* Begin PBXGroup section */
		CC39D0721DA751720036F47E = {
			isa = PBXGroup;
			children = (
				CC39D07D1DA751720036F47E /* WXDynamicMethodResolution */,
				CC39D07C1DA751720036F47E /* Products */,
			);
			sourceTree = "<group>";
		};
		CC39D07C1DA751720036F47E /* Products */ = {
			isa = PBXGroup;
			children = (
				CC39D07B1DA751720036F47E /* WXDynamicMethodResolution */,
			);
			name = Products;
			sourceTree = "<group>";
		};
		CC39D07D1DA751720036F47E /* WXDynamicMethodResolution */ = {
			isa = PBXGroup;
			children = (
				CC39D07E1DA751720036F47E /* main.m */,
				CC39D0851DA751D40036F47E /* WXAutoDictionary.h */,
				CC39D0861DA751D40036F47E /* WXAutoDictionary.m */,
			);
			path = WXDynamicMethodResolution;
			sourceTree = "<group>";
		};
/* End PBXGroup section */

/* Begin PBXNativeTarget section */
		CC39D07A1DA751720036F47E /* WXDynamicMethodResolution */ = {
			isa = PBXNativeTarget;
			buildConfigurationList = CC39D0821DA751720036F47E /* Build configuration list for PBXNativeTarget "WXDynamicMethodResolution" */;
			buildPhases = (
				CC39D0771DA751720036F47E /* Sources */,
				CC39D0781DA751720036F47E /* Frameworks */,
				CC39D0791DA751720036F47E /* CopyFiles */,
			);
			buildRules = (
			);
			dependencies = (
			);
			name = WXDynamicMethodResolution;
			productName = WXDynamicMethodResolution;
			productReference = CC39D07B1DA751720036F47E /* WXDynamicMethodResolution */;
			productType = "com.apple.product-type.tool";
		};
/* End PBXNativeTarget section */

/* Begin PBXProject section */
		CC39D0731DA751720036F47E /* Project object */ = {
			isa = PBXProject;
			attributes = {
				LastUpgradeCheck = 0800;
				ORGANIZATIONNAME = "吴浠";
				TargetAttributes = {
					CC39D07A1DA751720036F47E = {
						CreatedOnToolsVersion = 8.0;
						DevelopmentTeam = KYFVDC483X;
						ProvisioningStyle = Automatic;
					};
				};
			};
			buildConfigurationList = CC39D0761DA751720036F47E /* Build configuration list for PBXProject "WXDynamicMethodResolution" */;
			compatibilityVersion = "Xcode 3.2";
			developmentRegion = English;
			hasScannedForEncodings = 0;
			knownRegions = (
				en,
			);
			mainGroup = CC39D0721DA751720036F47E;
			productRefGroup = CC39D07C1DA751720036F47E /* Products */;
			projectDirPath = "";
			projectRoot = "";
			targets = (
				CC39D07A1DA751720036F47E /* WXDynamicMethodResolution */,
			);
		};
/* End PBXProject section */

/* Begin PBXSourcesBuildPhase section */
		CC39D0771DA751720036F47E /* Sources */ = {
			isa = PBXSourcesBuildPhase;
			buildActionMask = 2147483647;
			files = (
				CC39D07F1DA751720036F47E /* main.m in Sources */,
				CC39D0871DA751D40036F47E /* WXAutoDictionary.m in Sources */,
			);
			runOnlyForDeploymentPostprocessing = 0;
		};
/* End PBXSourcesBuildPhase section */

/* Begin XCBuildConfiguration section */
		CC39D0801DA751720036F47E /* Debug */ = {
			isa = XCBuildConfiguration;
			buildSettings = {
				ALWAYS_SEARCH_USER_PATHS = NO;
				CLANG_ANALYZER_NONNULL = YES;
				CLANG_CXX_LANGUAGE_STANDARD = "gnu++0x";
				CLANG_CXX_LIBRARY = "libc++";
				CLANG_ENABLE_MODULES = YES;
				CLANG_ENABLE_OBJC_ARC = YES;
				CLANG_WARN_BOOL_CONVERSION = YES;
				CLANG_WARN_CONSTANT_CONVERSION = YES;
				CLANG_WARN_DIRECT_OBJC_ISA_USAGE = YES_ERROR;
				CLANG_WARN_DOCUMENTATION_COMMENTS = YES;
				CLANG_WARN_EMPTY_BODY = YES;
				CLANG_WARN_ENUM_CONVERSION = YES;
				CLANG_WARN_INFINITE_RECURSION = YES;
				CLANG_WARN_INT_CONVERSION = YES;
				CLANG_WARN_OBJC_ROOT_CLASS = YES_ERROR;
				CLANG_WARN_SUSPICIOUS_MOVES = YES;
				CLANG_WARN_UNREACHABLE_CODE = YES;
				CLANG_WARN__DUPLICATE_METHOD_MATCH = YES;
				CODE_SIGN_IDENTITY = "-";
				COPY_PHASE_STRIP = NO;
				DEBUG_INFORMATION_FORMAT = dwarf;
				ENABLE_STRICT_OBJC_MSGSEND = YES;
				ENABLE_TESTABILITY = YES;
				GCC_C_LANGUAGE_STANDARD = gnu99;
				GCC_DYNAMIC_NO_PIC = NO;
				GCC_NO_COMMON_BLOCKS = YES;
				GCC_OPTIMIZATION_LEVEL = 0;
				GCC_PREPROCESSOR_DEFINITIONS = (
					"DEBUG=1",
					"$(inherited)",
				);
				GCC_WARN_64_TO_32_BIT_CONVERSION = YES;
				GCC_WARN_ABOUT_RETURN_TYPE = YES_ERROR;
				GCC_WARN_UNDECLARED_SELECTOR = YES;
				GCC_WARN_UNINITIALIZED_AUTOS = YES_AGGRESSIVE;
				GCC_WARN_UNUSED_FUNCTION = YES;
				GCC_WARN_UNUSED_VARIABLE = YES;
				MACOSX_DEPLOYMENT_TARGET = 10.12;
				MTL_ENABLE_DEBUG_INFO = YES;
				ONLY_ACTIVE_ARCH = YES;
				SDKROOT = macosx;
			};
			name = Debug;
		};
		CC39D0811DA751720036F47E /* Release */ = {
			isa = XCBuildConfiguration;
			buildSettings = {
				ALWAYS_SEARCH_USER_PATHS = NO;
				CLANG_ANALYZER_NONNULL = YES;
				CLANG_CXX_LANGUAGE_STANDARD = "gnu++0x";
				CLANG_CXX_LIBRARY = "libc++";
				CLANG_ENABLE_MODULES = YES;
				CLANG_ENABLE_OBJC_ARC = YES;
				CLANG_WARN_BOOL_CONVERSION = YES;
				CLANG_WARN_CONSTANT_CONVERSION = YES;
				CLANG_WARN_DIRECT_OBJC_ISA_USAGE = YES_ERROR;
				CLANG_WARN_DOCUMENTATION_COMMENTS = YES;
				CLANG_WARN_EMPTY_BODY = YES;
				CLANG_WARN_ENUM_CONVERSION = YES;
				CLANG_WARN_INFINITE_RECURSION = YES;
				CLANG_WARN_INT_CONVERSION = YES;
				CLANG_WARN_OBJC_ROOT_CLASS = YES_ERROR;
				CLANG_WARN_SUSPICIOUS_MOVES = YES;
				CLANG_WARN_UNREACHABLE_CODE = YES;
				CLANG_WARN__DUPLICATE_METHOD_MATCH = YES;
				CODE_SIGN_IDENTITY = "-";
				COPY_PHASE_STRIP = NO;
				DEBUG_INFORMATION_FORMAT = "dwarf-with-dsym";
				ENABLE_NS_ASSERTIONS = NO;
				ENABLE_STRICT_OBJC_MSGSEND = YES;
				GCC_C_LANGUAGE_STANDARD = gnu99;
				GCC_NO_COMMON_BLOCKS = YES;
				GCC_WARN_64_TO_32_BIT_CONVERSION = YES;
				GCC_WARN_ABOUT_RETURN_TYPE = YES_ERROR;
				GCC_WARN_UNDECLARED_SELECTOR = YES;
				GCC_WARN_UNINITIALIZED_AUTOS = YES_AGGRESSIVE;
				GCC_WARN_UNUSED_FUNCTION = YES;
				GCC_WARN_UNUSED_VARIABLE = YES;
				MACOSX_DEPLOYMENT_TARGET = 10.12;
				MTL_ENABLE_DEBUG_INFO = NO;
				SDKROOT = macosx;
			};
			name = Release;
		};
		CC39D0831DA751720036F47E /* Debug */ = {
			isa = XCBuildConfiguration;
			buildSettings = {
				DEVELOPMENT_TEAM = KYFVDC483X;
				PRODUCT_NAME = "$(TARGET_NAME)";
			};
			name = Debug;
		};
		CC39D0841DA751720036F47E /* Release */ = {
			isa = XCBuildConfiguration;
			buildSettings = {
				DEVELOPMENT_TEAM = KYFVDC483X;
				PRODUCT_NAME = "$(TARGET_NAME)";
			};
			name = Release;
		};
/* End XCBuildConfiguration section */

/* Begin XCConfigurationList section */
		CC39D0761DA751720036F47E /* Build configuration list for PBXProject "WXDynamicMethodResolution" */ = {
			isa = XCConfigurationList;
			buildConfigurations = (
				CC39D0801DA751720036F47E /* Debug */,
				CC39D0811DA751720036F47E /* Release */,
			);
			defaultConfigurationIsVisible = 0;
			defaultConfigurationName = Release;
		};
		CC39D0821DA751720036F47E /* Build configuration list for PBXNativeTarget "WXDynamicMethodResolution" */ = {
			isa = XCConfigurationList;
			buildConfigurations = (
				CC39D0831DA751720036F47E /* Debug */,
				CC39D0841DA751720036F47E /* Release */,
			);
			defaultConfigurationIsVisible = 0;
		};
/* End XCConfigurationList section */
	};
	rootObject = CC39D0731DA751720036F47E /* Project object */;
}
